// !$*UTF8*$!
{
	archiveVersion = 1;
	classes = {
	};
	objectVersion = 56;
	objects = {

/* Begin PBXBuildFile section */
		4F24B9045832AD1D124F880B /* Pods_CodingChallenge_CodingChallengeUITests.framework in Frameworks */ = {isa = PBXBuildFile; fileRef = 09F339B6C7AD1DD739BB4B05 /* Pods_CodingChallenge_CodingChallengeUITests.framework */; };
		91FD627FE5C933DFB855DAE7 /* Pods_CodingChallengeTests.framework in Frameworks */ = {isa = PBXBuildFile; fileRef = 6BDABA35CA3B6F4C68B83AE3 /* Pods_CodingChallengeTests.framework */; };
		C66AA8BDF992836B12CEBF0A /* Pods_CodingChallenge.framework in Frameworks */ = {isa = PBXBuildFile; fileRef = 43721C82062E0A220B757127 /* Pods_CodingChallenge.framework */; };
		D4A7616929F9ED3A00D45291 /* TableViewCell.swift in Sources */ = {isa = PBXBuildFile; fileRef = D4A7616729F9ED3A00D45291 /* TableViewCell.swift */; };
		D4A7616A29F9ED3A00D45291 /* TableViewCell.xib in Resources */ = {isa = PBXBuildFile; fileRef = D4A7616829F9ED3A00D45291 /* TableViewCell.xib */; };
		D4A7616C29F9F6D000D45291 /* SecondViewController.swift in Sources */ = {isa = PBXBuildFile; fileRef = D4A7616B29F9F6D000D45291 /* SecondViewController.swift */; };
		D4AA0E0A29F92AC800F7206B /* AppDelegate.swift in Sources */ = {isa = PBXBuildFile; fileRef = D4AA0E0929F92AC800F7206B /* AppDelegate.swift */; };
		D4AA0E0C29F92AC800F7206B /* SceneDelegate.swift in Sources */ = {isa = PBXBuildFile; fileRef = D4AA0E0B29F92AC800F7206B /* SceneDelegate.swift */; };
		D4AA0E0E29F92AC800F7206B /* ViewController.swift in Sources */ = {isa = PBXBuildFile; fileRef = D4AA0E0D29F92AC800F7206B /* ViewController.swift */; };
		D4AA0E1129F92AC800F7206B /* Main.storyboard in Resources */ = {isa = PBXBuildFile; fileRef = D4AA0E0F29F92AC800F7206B /* Main.storyboard */; };
		D4AA0E1329F92AC900F7206B /* Assets.xcassets in Resources */ = {isa = PBXBuildFile; fileRef = D4AA0E1229F92AC900F7206B /* Assets.xcassets */; };
		D4AA0E1629F92AC900F7206B /* LaunchScreen.storyboard in Resources */ = {isa = PBXBuildFile; fileRef = D4AA0E1429F92AC900F7206B /* LaunchScreen.storyboard */; };
		D4AA0E2129F92AC900F7206B /* CodingChallengeTests.swift in Sources */ = {isa = PBXBuildFile; fileRef = D4AA0E2029F92AC900F7206B /* CodingChallengeTests.swift */; };
		D4AA0E2B29F92AC900F7206B /* CodingChallengeUITests.swift in Sources */ = {isa = PBXBuildFile; fileRef = D4AA0E2A29F92AC900F7206B /* CodingChallengeUITests.swift */; };
		D4AA0E2D29F92AC900F7206B /* CodingChallengeUITestsLaunchTests.swift in Sources */ = {isa = PBXBuildFile; fileRef = D4AA0E2C29F92AC900F7206B /* CodingChallengeUITestsLaunchTests.swift */; };
/* End PBXBuildFile section */

/* Begin PBXContainerItemProxy section */
		D4AA0E1D29F92AC900F7206B /* PBXContainerItemProxy */ = {
			isa = PBXContainerItemProxy;
			containerPortal = D4AA0DFE29F92AC800F7206B /* Project object */;
			proxyType = 1;
			remoteGlobalIDString = D4AA0E0529F92AC800F7206B;
			remoteInfo = CodingChallenge;
		};
		D4AA0E2729F92AC900F7206B /* PBXContainerItemProxy */ = {
			isa = PBXContainerItemProxy;
			containerPortal = D4AA0DFE29F92AC800F7206B /* Project object */;
			proxyType = 1;
			remoteGlobalIDString = D4AA0E0529F92AC800F7206B;
			remoteInfo = CodingChallenge;
		};
/* End PBXContainerItemProxy section */

/* Begin PBXFileReference section */
		09F339B6C7AD1DD739BB4B05 /* Pods_CodingChallenge_CodingChallengeUITests.framework */ = {isa = PBXFileReference; explicitFileType = wrapper.framework; includeInIndex = 0; path = Pods_CodingChallenge_CodingChallengeUITests.framework; sourceTree = BUILT_PRODUCTS_DIR; };
		144D88EE38F80778EBBD72B3 /* Pods-CodingChallenge.debug.xcconfig */ = {isa = PBXFileReference; includeInIndex = 1; lastKnownFileType = text.xcconfig; name = "Pods-CodingChallenge.debug.xcconfig"; path = "Target Support Files/Pods-CodingChallenge/Pods-CodingChallenge.debug.xcconfig"; sourceTree = "<group>"; };
		2D2D1017CE95CA7E8C67709C /* Pods-CodingChallenge-CodingChallengeUITests.debug.xcconfig */ = {isa = PBXFileReference; includeInIndex = 1; lastKnownFileType = text.xcconfig; name = "Pods-CodingChallenge-CodingChallengeUITests.debug.xcconfig"; path = "Target Support Files/Pods-CodingChallenge-CodingChallengeUITests/Pods-CodingChallenge-CodingChallengeUITests.debug.xcconfig"; sourceTree = "<group>"; };
		43721C82062E0A220B757127 /* Pods_CodingChallenge.framework */ = {isa = PBXFileReference; explicitFileType = wrapper.framework; includeInIndex = 0; path = Pods_CodingChallenge.framework; sourceTree = BUILT_PRODUCTS_DIR; };
		4E3FCE0A42844B8C15CFDC38 /* Pods-CodingChallenge-CodingChallengeUITests.release.xcconfig */ = {isa = PBXFileReference; includeInIndex = 1; lastKnownFileType = text.xcconfig; name = "Pods-CodingChallenge-CodingChallengeUITests.release.xcconfig"; path = "Target Support Files/Pods-CodingChallenge-CodingChallengeUITests/Pods-CodingChallenge-CodingChallengeUITests.release.xcconfig"; sourceTree = "<group>"; };
		6BDABA35CA3B6F4C68B83AE3 /* Pods_CodingChallengeTests.framework */ = {isa = PBXFileReference; explicitFileType = wrapper.framework; includeInIndex = 0; path = Pods_CodingChallengeTests.framework; sourceTree = BUILT_PRODUCTS_DIR; };
		A453249E32C6102F337FCDD1 /* Pods-CodingChallengeTests.release.xcconfig */ = {isa = PBXFileReference; includeInIndex = 1; lastKnownFileType = text.xcconfig; name = "Pods-CodingChallengeTests.release.xcconfig"; path = "Target Support Files/Pods-CodingChallengeTests/Pods-CodingChallengeTests.release.xcconfig"; sourceTree = "<group>"; };
		D0263C761FAF547988FBAC92 /* Pods-CodingChallengeTests.debug.xcconfig */ = {isa = PBXFileReference; includeInIndex = 1; lastKnownFileType = text.xcconfig; name = "Pods-CodingChallengeTests.debug.xcconfig"; path = "Target Support Files/Pods-CodingChallengeTests/Pods-CodingChallengeTests.debug.xcconfig"; sourceTree = "<group>"; };
		D49EB70CE5494A6D832622CD /* Pods-CodingChallenge.release.xcconfig */ = {isa = PBXFileReference; includeInIndex = 1; lastKnownFileType = text.xcconfig; name = "Pods-CodingChallenge.release.xcconfig"; path = "Target Support Files/Pods-CodingChallenge/Pods-CodingChallenge.release.xcconfig"; sourceTree = "<group>"; };
		D4A7616729F9ED3A00D45291 /* TableViewCell.swift */ = {isa = PBXFileReference; lastKnownFileType = sourcecode.swift; path = TableViewCell.swift; sourceTree = "<group>"; };
		D4A7616829F9ED3A00D45291 /* TableViewCell.xib */ = {isa = PBXFileReference; lastKnownFileType = file.xib; path = TableViewCell.xib; sourceTree = "<group>"; };
		D4A7616B29F9F6D000D45291 /* SecondViewController.swift */ = {isa = PBXFileReference; lastKnownFileType = sourcecode.swift; path = SecondViewController.swift; sourceTree = "<group>"; };
		D4AA0E0629F92AC800F7206B /* CodingChallenge.app */ = {isa = PBXFileReference; explicitFileType = wrapper.application; includeInIndex = 0; path = CodingChallenge.app; sourceTree = BUILT_PRODUCTS_DIR; };
		D4AA0E0929F92AC800F7206B /* AppDelegate.swift */ = {isa = PBXFileReference; lastKnownFileType = sourcecode.swift; path = AppDelegate.swift; sourceTree = "<group>"; };
		D4AA0E0B29F92AC800F7206B /* SceneDelegate.swift */ = {isa = PBXFileReference; lastKnownFileType = sourcecode.swift; path = SceneDelegate.swift; sourceTree = "<group>"; };
		D4AA0E0D29F92AC800F7206B /* ViewController.swift */ = {isa = PBXFileReference; lastKnownFileType = sourcecode.swift; path = ViewController.swift; sourceTree = "<group>"; };
		D4AA0E1029F92AC800F7206B /* Base */ = {isa = PBXFileReference; lastKnownFileType = file.storyboard; name = Base; path = Base.lproj/Main.storyboard; sourceTree = "<group>"; };
		D4AA0E1229F92AC900F7206B /* Assets.xcassets */ = {isa = PBXFileReference; lastKnownFileType = folder.assetcatalog; path = Assets.xcassets; sourceTree = "<group>"; };
		D4AA0E1529F92AC900F7206B /* Base */ = {isa = PBXFileReference; lastKnownFileType = file.storyboard; name = Base; path = Base.lproj/LaunchScreen.storyboard; sourceTree = "<group>"; };
		D4AA0E1729F92AC900F7206B /* Info.plist */ = {isa = PBXFileReference; lastKnownFileType = text.plist.xml; path = Info.plist; sourceTree = "<group>"; };
		D4AA0E1C29F92AC900F7206B /* CodingChallengeTests.xctest */ = {isa = PBXFileReference; explicitFileType = wrapper.cfbundle; includeInIndex = 0; path = CodingChallengeTests.xctest; sourceTree = BUILT_PRODUCTS_DIR; };
		D4AA0E2029F92AC900F7206B /* CodingChallengeTests.swift */ = {isa = PBXFileReference; lastKnownFileType = sourcecode.swift; path = CodingChallengeTests.swift; sourceTree = "<group>"; };
		D4AA0E2629F92AC900F7206B /* CodingChallengeUITests.xctest */ = {isa = PBXFileReference; explicitFileType = wrapper.cfbundle; includeInIndex = 0; path = CodingChallengeUITests.xctest; sourceTree = BUILT_PRODUCTS_DIR; };
		D4AA0E2A29F92AC900F7206B /* CodingChallengeUITests.swift */ = {isa = PBXFileReference; lastKnownFileType = sourcecode.swift; path = CodingChallengeUITests.swift; sourceTree = "<group>"; };
		D4AA0E2C29F92AC900F7206B /* CodingChallengeUITestsLaunchTests.swift */ = {isa = PBXFileReference; lastKnownFileType = sourcecode.swift; path = CodingChallengeUITestsLaunchTests.swift; sourceTree = "<group>"; };
/* End PBXFileReference section */

/* Begin PBXFrameworksBuildPhase section */
		D4AA0E0329F92AC800F7206B /* Frameworks */ = {
			isa = PBXFrameworksBuildPhase;
			buildActionMask = 2147483647;
			files = (
				C66AA8BDF992836B12CEBF0A /* Pods_CodingChallenge.framework in Frameworks */,
			);
			runOnlyForDeploymentPostprocessing = 0;
		};
		D4AA0E1929F92AC900F7206B /* Frameworks */ = {
			isa = PBXFrameworksBuildPhase;
			buildActionMask = 2147483647;
			files = (
				91FD627FE5C933DFB855DAE7 /* Pods_CodingChallengeTests.framework in Frameworks */,
			);
			runOnlyForDeploymentPostprocessing = 0;
		};
		D4AA0E2329F92AC900F7206B /* Frameworks */ = {
			isa = PBXFrameworksBuildPhase;
			buildActionMask = 2147483647;
			files = (
				4F24B9045832AD1D124F880B /* Pods_CodingChallenge_CodingChallengeUITests.framework in Frameworks */,
			);
			runOnlyForDeploymentPostprocessing = 0;
		};
/* End PBXFrameworksBuildPhase section */

/* Begin PBXGroup section */
		56F836ED5147D3515140B75F /* Pods */ = {
			isa = PBXGroup;
			children = (
				144D88EE38F80778EBBD72B3 /* Pods-CodingChallenge.debug.xcconfig */,
				D49EB70CE5494A6D832622CD /* Pods-CodingChallenge.release.xcconfig */,
				2D2D1017CE95CA7E8C67709C /* Pods-CodingChallenge-CodingChallengeUITests.debug.xcconfig */,
				4E3FCE0A42844B8C15CFDC38 /* Pods-CodingChallenge-CodingChallengeUITests.release.xcconfig */,
				D0263C761FAF547988FBAC92 /* Pods-CodingChallengeTests.debug.xcconfig */,
				A453249E32C6102F337FCDD1 /* Pods-CodingChallengeTests.release.xcconfig */,
			);
			path = Pods;
			sourceTree = "<group>";
		};
		94B677C3FD5B059241BBAA7F /* Frameworks */ = {
			isa = PBXGroup;
			children = (
				43721C82062E0A220B757127 /* Pods_CodingChallenge.framework */,
				09F339B6C7AD1DD739BB4B05 /* Pods_CodingChallenge_CodingChallengeUITests.framework */,
				6BDABA35CA3B6F4C68B83AE3 /* Pods_CodingChallengeTests.framework */,
			);
			name = Frameworks;
			sourceTree = "<group>";
		};
		D4AA0DFD29F92AC800F7206B = {
			isa = PBXGroup;
			children = (
				D4AA0E0829F92AC800F7206B /* CodingChallenge */,
				D4AA0E1F29F92AC900F7206B /* CodingChallengeTests */,
				D4AA0E2929F92AC900F7206B /* CodingChallengeUITests */,
				D4AA0E0729F92AC800F7206B /* Products */,
				56F836ED5147D3515140B75F /* Pods */,
				94B677C3FD5B059241BBAA7F /* Frameworks */,
			);
			sourceTree = "<group>";
		};
		D4AA0E0729F92AC800F7206B /* Products */ = {
			isa = PBXGroup;
			children = (
				D4AA0E0629F92AC800F7206B /* CodingChallenge.app */,
				D4AA0E1C29F92AC900F7206B /* CodingChallengeTests.xctest */,
				D4AA0E2629F92AC900F7206B /* CodingChallengeUITests.xctest */,
			);
			name = Products;
			sourceTree = "<group>";
		};
		D4AA0E0829F92AC800F7206B /* CodingChallenge */ = {
			isa = PBXGroup;
			children = (
				D4AA0E0929F92AC800F7206B /* AppDelegate.swift */,
				D4AA0E0B29F92AC800F7206B /* SceneDelegate.swift */,
				D4AA0E0D29F92AC800F7206B /* ViewController.swift */,
				D4AA0E0F29F92AC800F7206B /* Main.storyboard */,
				D4AA0E1229F92AC900F7206B /* Assets.xcassets */,
				D4AA0E1429F92AC900F7206B /* LaunchScreen.storyboard */,
				D4AA0E1729F92AC900F7206B /* Info.plist */,
				D4A7616729F9ED3A00D45291 /* TableViewCell.swift */,
				D4A7616829F9ED3A00D45291 /* TableViewCell.xib */,
				D4A7616B29F9F6D000D45291 /* SecondViewController.swift */,
			);
			path = CodingChallenge;
			sourceTree = "<group>";
		};
		D4AA0E1F29F92AC900F7206B /* CodingChallengeTests */ = {
			isa = PBXGroup;
			children = (
				D4AA0E2029F92AC900F7206B /* CodingChallengeTests.swift */,
			);
			path = CodingChallengeTests;
			sourceTree = "<group>";
		};
		D4AA0E2929F92AC900F7206B /* CodingChallengeUITests */ = {
			isa = PBXGroup;
			children = (
				D4AA0E2A29F92AC900F7206B /* CodingChallengeUITests.swift */,
				D4AA0E2C29F92AC900F7206B /* CodingChallengeUITestsLaunchTests.swift */,
			);
			path = CodingChallengeUITests;
			sourceTree = "<group>";
		};
/* End PBXGroup section */

/* Begin PBXNativeTarget section */
		D4AA0E0529F92AC800F7206B /* CodingChallenge */ = {
			isa = PBXNativeTarget;
			buildConfigurationList = D4AA0E3029F92AC900F7206B /* Build configuration list for PBXNativeTarget "CodingChallenge" */;
			buildPhases = (
				4FAF65D0077808C681059FB1 /* [CP] Check Pods Manifest.lock */,
				D4AA0E0229F92AC800F7206B /* Sources */,
				D4AA0E0329F92AC800F7206B /* Frameworks */,
				D4AA0E0429F92AC800F7206B /* Resources */,
				10FC446D52C8631B60C0021E /* [CP] Embed Pods Frameworks */,
			);
			buildRules = (
			);
			dependencies = (
			);
			name = CodingChallenge;
			productName = CodingChallenge;
			productReference = D4AA0E0629F92AC800F7206B /* CodingChallenge.app */;
			productType = "com.apple.product-type.application";
		};
		D4AA0E1B29F92AC900F7206B /* CodingChallengeTests */ = {
			isa = PBXNativeTarget;
			buildConfigurationList = D4AA0E3329F92AC900F7206B /* Build configuration list for PBXNativeTarget "CodingChallengeTests" */;
			buildPhases = (
				7A0314A8758F17E35498832F /* [CP] Check Pods Manifest.lock */,
				D4AA0E1829F92AC900F7206B /* Sources */,
				D4AA0E1929F92AC900F7206B /* Frameworks */,
				D4AA0E1A29F92AC900F7206B /* Resources */,
			);
			buildRules = (
			);
			dependencies = (
				D4AA0E1E29F92AC900F7206B /* PBXTargetDependency */,
			);
			name = CodingChallengeTests;
			productName = CodingChallengeTests;
			productReference = D4AA0E1C29F92AC900F7206B /* CodingChallengeTests.xctest */;
			productType = "com.apple.product-type.bundle.unit-test";
		};
		D4AA0E2529F92AC900F7206B /* CodingChallengeUITests */ = {
			isa = PBXNativeTarget;
			buildConfigurationList = D4AA0E3629F92AC900F7206B /* Build configuration list for PBXNativeTarget "CodingChallengeUITests" */;
			buildPhases = (
				35695FD60AD651397ABA9BAB /* [CP] Check Pods Manifest.lock */,
				D4AA0E2229F92AC900F7206B /* Sources */,
				D4AA0E2329F92AC900F7206B /* Frameworks */,
				D4AA0E2429F92AC900F7206B /* Resources */,
				4CE5D1D0FE64A1F402401DF1 /* [CP] Embed Pods Frameworks */,
			);
			buildRules = (
			);
			dependencies = (
				D4AA0E2829F92AC900F7206B /* PBXTargetDependency */,
			);
			name = CodingChallengeUITests;
			productName = CodingChallengeUITests;
			productReference = D4AA0E2629F92AC900F7206B /* CodingChallengeUITests.xctest */;
			productType = "com.apple.product-type.bundle.ui-testing";
		};
/* End PBXNativeTarget section */

/* Begin PBXProject section */
		D4AA0DFE29F92AC800F7206B /* Project object */ = {
			isa = PBXProject;
			attributes = {
				BuildIndependentTargetsInParallel = 1;
				LastSwiftUpdateCheck = 1420;
				LastUpgradeCheck = 1420;
				TargetAttributes = {
					D4AA0E0529F92AC800F7206B = {
						CreatedOnToolsVersion = 14.2;
					};
					D4AA0E1B29F92AC900F7206B = {
						CreatedOnToolsVersion = 14.2;
						TestTargetID = D4AA0E0529F92AC800F7206B;
					};
					D4AA0E2529F92AC900F7206B = {
						CreatedOnToolsVersion = 14.2;
						TestTargetID = D4AA0E0529F92AC800F7206B;
					};
				};
			};
			buildConfigurationList = D4AA0E0129F92AC800F7206B /* Build configuration list for PBXProject "CodingChallenge" */;
			compatibilityVersion = "Xcode 14.0";
			developmentRegion = en;
			hasScannedForEncodings = 0;
			knownRegions = (
				en,
				Base,
			);
			mainGroup = D4AA0DFD29F92AC800F7206B;
			productRefGroup = D4AA0E0729F92AC800F7206B /* Products */;
			projectDirPath = "";
			projectRoot = "";
			targets = (
				D4AA0E0529F92AC800F7206B /* CodingChallenge */,
				D4AA0E1B29F92AC900F7206B /* CodingChallengeTests */,
				D4AA0E2529F92AC900F7206B /* CodingChallengeUITests */,
			);
		};
/* End PBXProject section */

/* Begin PBXResourcesBuildPhase section */
		D4AA0E0429F92AC800F7206B /* Resources */ = {
			isa = PBXResourcesBuildPhase;
			buildActionMask = 2147483647;
			files = (
				D4AA0E1629F92AC900F7206B /* LaunchScreen.storyboard in Resources */,
				D4A7616A29F9ED3A00D45291 /* TableViewCell.xib in Resources */,
				D4AA0E1329F92AC900F7206B /* Assets.xcassets in Resources */,
				D4AA0E1129F92AC800F7206B /* Main.storyboard in Resources */,
			);
			runOnlyForDeploymentPostprocessing = 0;
		};
		D4AA0E1A29F92AC900F7206B /* Resources */ = {
			isa = PBXResourcesBuildPhase;
			buildActionMask = 2147483647;
			files = (
			);
			runOnlyForDeploymentPostprocessing = 0;
		};
		D4AA0E2429F92AC900F7206B /* Resources */ = {
			isa = PBXResourcesBuildPhase;
			buildActionMask = 2147483647;
			files = (
			);
			runOnlyForDeploymentPostprocessing = 0;
		};
/* End PBXResourcesBuildPhase section */

/* Begin PBXShellScriptBuildPhase section */
		10FC446D52C8631B60C0021E /* [CP] Embed Pods Frameworks */ = {
			isa = PBXShellScriptBuildPhase;
			buildActionMask = 2147483647;
			files = (
			);
			inputFileListPaths = (
				"${PODS_ROOT}/Target Support Files/Pods-CodingChallenge/Pods-CodingChallenge-frameworks-${CONFIGURATION}-input-files.xcfilelist",
			);
			name = "[CP] Embed Pods Frameworks";
			outputFileListPaths = (
				"${PODS_ROOT}/Target Support Files/Pods-CodingChallenge/Pods-CodingChallenge-frameworks-${CONFIGURATION}-output-files.xcfilelist",
			);
			runOnlyForDeploymentPostprocessing = 0;
			shellPath = /bin/sh;
			shellScript = "\"${PODS_ROOT}/Target Support Files/Pods-CodingChallenge/Pods-CodingChallenge-frameworks.sh\"\n";
			showEnvVarsInLog = 0;
		};
		35695FD60AD651397ABA9BAB /* [CP] Check Pods Manifest.lock */ = {
			isa = PBXShellScriptBuildPhase;
			buildActionMask = 2147483647;
			files = (
			);
			inputFileListPaths = (
			);
			inputPaths = (
				"${PODS_PODFILE_DIR_PATH}/Podfile.lock",
				"${PODS_ROOT}/Manifest.lock",
			);
			name = "[CP] Check Pods Manifest.lock";
			outputFileListPaths = (
			);
			outputPaths = (
				"$(DERIVED_FILE_DIR)/Pods-CodingChallenge-CodingChallengeUITests-checkManifestLockResult.txt",
			);
			runOnlyForDeploymentPostprocessing = 0;
			shellPath = /bin/sh;
			shellScript = "diff \"${PODS_PODFILE_DIR_PATH}/Podfile.lock\" \"${PODS_ROOT}/Manifest.lock\" > /dev/null\nif [ $? != 0 ] ; then\n    # print error to STDERR\n    echo \"error: The sandbox is not in sync with the Podfile.lock. Run 'pod install' or update your CocoaPods installation.\" >&2\n    exit 1\nfi\n# This output is used by Xcode 'outputs' to avoid re-running this script phase.\necho \"SUCCESS\" > \"${SCRIPT_OUTPUT_FILE_0}\"\n";
			showEnvVarsInLog = 0;
		};
		4CE5D1D0FE64A1F402401DF1 /* [CP] Embed Pods Frameworks */ = {
			isa = PBXShellScriptBuildPhase;
			buildActionMask = 2147483647;
			files = (
			);
			inputFileListPaths = (
				"${PODS_ROOT}/Target Support Files/Pods-CodingChallenge-CodingChallengeUITests/Pods-CodingChallenge-CodingChallengeUITests-frameworks-${CONFIGURATION}-input-files.xcfilelist",
			);
			name = "[CP] Embed Pods Frameworks";
			outputFileListPaths = (
				"${PODS_ROOT}/Target Support Files/Pods-CodingChallenge-CodingChallengeUITests/Pods-CodingChallenge-CodingChallengeUITests-frameworks-${CONFIGURATION}-output-files.xcfilelist",
			);
			runOnlyForDeploymentPostprocessing = 0;
			shellPath = /bin/sh;
			shellScript = "\"${PODS_ROOT}/Target Support Files/Pods-CodingChallenge-CodingChallengeUITests/Pods-CodingChallenge-CodingChallengeUITests-frameworks.sh\"\n";
			showEnvVarsInLog = 0;
		};
		4FAF65D0077808C681059FB1 /* [CP] Check Pods Manifest.lock */ = {
			isa = PBXShellScriptBuildPhase;
			buildActionMask = 2147483647;
			files = (
			);
			inputFileListPaths = (
			);
			inputPaths = (
				"${PODS_PODFILE_DIR_PATH}/Podfile.lock",
				"${PODS_ROOT}/Manifest.lock",
			);
			name = "[CP] Check Pods Manifest.lock";
			outputFileListPaths = (
			);
			outputPaths = (
				"$(DERIVED_FILE_DIR)/Pods-CodingChallenge-checkManifestLockResult.txt",
			);
			runOnlyForDeploymentPostprocessing = 0;
			shellPath = /bin/sh;
			shellScript = "diff \"${PODS_PODFILE_DIR_PATH}/Podfile.lock\" \"${PODS_ROOT}/Manifest.lock\" > /dev/null\nif [ $? != 0 ] ; then\n    # print error to STDERR\n    echo \"error: The sandbox is not in sync with the Podfile.lock. Run 'pod install' or update your CocoaPods installation.\" >&2\n    exit 1\nfi\n# This output is used by Xcode 'outputs' to avoid re-running this script phase.\necho \"SUCCESS\" > \"${SCRIPT_OUTPUT_FILE_0}\"\n";
			showEnvVarsInLog = 0;
		};
		7A0314A8758F17E35498832F /* [CP] Check Pods Manifest.lock */ = {
			isa = PBXShellScriptBuildPhase;
			buildActionMask = 2147483647;
			files = (
			);
			inputFileListPaths = (
			);
			inputPaths = (
				"${PODS_PODFILE_DIR_PATH}/Podfile.lock",
				"${PODS_ROOT}/Manifest.lock",
			);
			name = "[CP] Check Pods Manifest.lock";
			outputFileListPaths = (
			);
			outputPaths = (
				"$(DERIVED_FILE_DIR)/Pods-CodingChallengeTests-checkManifestLockResult.txt",
			);
			runOnlyForDeploymentPostprocessing = 0;
			shellPath = /bin/sh;
			shellScript = "diff \"${PODS_PODFILE_DIR_PATH}/Podfile.lock\" \"${PODS_ROOT}/Manifest.lock\" > /dev/null\nif [ $? != 0 ] ; then\n    # print error to STDERR\n    echo \"error: The sandbox is not in sync with the Podfile.lock. Run 'pod install' or update your CocoaPods installation.\" >&2\n    exit 1\nfi\n# This output is used by Xcode 'outputs' to avoid re-running this script phase.\necho \"SUCCESS\" > \"${SCRIPT_OUTPUT_FILE_0}\"\n";
			showEnvVarsInLog = 0;
		};
/* End PBXShellScriptBuildPhase section */

/* Begin PBXSourcesBuildPhase section */
		D4AA0E0229F92AC800F7206B /* Sources */ = {
			isa = PBXSourcesBuildPhase;
			buildActionMask = 2147483647;
			files = (
				D4AA0E0E29F92AC800F7206B /* ViewController.swift in Sources */,
				D4A7616929F9ED3A00D45291 /* TableViewCell.swift in Sources */,
				D4AA0E0A29F92AC800F7206B /* AppDelegate.swift in Sources */,
				D4A7616C29F9F6D000D45291 /* SecondViewController.swift in Sources */,
				D4AA0E0C29F92AC800F7206B /* SceneDelegate.swift in Sources */,
			);
			runOnlyForDeploymentPostprocessing = 0;
		};
		D4AA0E1829F92AC900F7206B /* Sources */ = {
			isa = PBXSourcesBuildPhase;
			buildActionMask = 2147483647;
			files = (
				D4AA0E2129F92AC900F7206B /* CodingChallengeTests.swift in Sources */,
			);
			runOnlyForDeploymentPostprocessing = 0;
		};
		D4AA0E2229F92AC900F7206B /* Sources */ = {
			isa = PBXSourcesBuildPhase;
			buildActionMask = 2147483647;
			files = (
				D4AA0E2D29F92AC900F7206B /* CodingChallengeUITestsLaunchTests.swift in Sources */,
				D4AA0E2B29F92AC900F7206B /* CodingChallengeUITests.swift in Sources */,
			);
			runOnlyForDeploymentPostprocessing = 0;
		};
/* End PBXSourcesBuildPhase section */

/* Begin PBXTargetDependency section */
		D4AA0E1E29F92AC900F7206B /* PBXTargetDependency */ = {
			isa = PBXTargetDependency;
			target = D4AA0E0529F92AC800F7206B /* CodingChallenge */;
			targetProxy = D4AA0E1D29F92AC900F7206B /* PBXContainerItemProxy */;
		};
		D4AA0E2829F92AC900F7206B /* PBXTargetDependency */ = {
			isa = PBXTargetDependency;
			target = D4AA0E0529F92AC800F7206B /* CodingChallenge */;
			targetProxy = D4AA0E2729F92AC900F7206B /* PBXContainerItemProxy */;
		};
/* End PBXTargetDependency section */

/* Begin PBXVariantGroup section */
		D4AA0E0F29F92AC800F7206B /* Main.storyboard */ = {
			isa = PBXVariantGroup;
			children = (
				D4AA0E1029F92AC800F7206B /* Base */,
			);
			name = Main.storyboard;
			sourceTree = "<group>";
		};
		D4AA0E1429F92AC900F7206B /* LaunchScreen.storyboard */ = {
			isa = PBXVariantGroup;
			children = (
				D4AA0E1529F92AC900F7206B /* Base */,
			);
			name = LaunchScreen.storyboard;
			sourceTree = "<group>";
		};
/* End PBXVariantGroup section */

/* Begin XCBuildConfiguration section */
		D4AA0E2E29F92AC900F7206B /* Debug */ = {
			isa = XCBuildConfiguration;
			buildSettings = {
				ALWAYS_SEARCH_USER_PATHS = NO;
				CLANG_ANALYZER_NONNULL = YES;
				CLANG_ANALYZER_NUMBER_OBJECT_CONVERSION = YES_AGGRESSIVE;
				CLANG_CXX_LANGUAGE_STANDARD = "gnu++20";
				CLANG_ENABLE_MODULES = YES;
				CLANG_ENABLE_OBJC_ARC = YES;
				CLANG_ENABLE_OBJC_WEAK = YES;
				CLANG_WARN_BLOCK_CAPTURE_AUTORELEASING = YES;
				CLANG_WARN_BOOL_CONVERSION = YES;
				CLANG_WARN_COMMA = YES;
				CLANG_WARN_CONSTANT_CONVERSION = YES;
				CLANG_WARN_DEPRECATED_OBJC_IMPLEMENTATIONS = YES;
				CLANG_WARN_DIRECT_OBJC_ISA_USAGE = YES_ERROR;
				CLANG_WARN_DOCUMENTATION_COMMENTS = YES;
				CLANG_WARN_EMPTY_BODY = YES;
				CLANG_WARN_ENUM_CONVERSION = YES;
				CLANG_WARN_INFINITE_RECURSION = YES;
				CLANG_WARN_INT_CONVERSION = YES;
				CLANG_WARN_NON_LITERAL_NULL_CONVERSION = YES;
				CLANG_WARN_OBJC_IMPLICIT_RETAIN_SELF = YES;
				CLANG_WARN_OBJC_LITERAL_CONVERSION = YES;
				CLANG_WARN_OBJC_ROOT_CLASS = YES_ERROR;
				CLANG_WARN_QUOTED_INCLUDE_IN_FRAMEWORK_HEADER = YES;
				CLANG_WARN_RANGE_LOOP_ANALYSIS = YES;
				CLANG_WARN_STRICT_PROTOTYPES = YES;
				CLANG_WARN_SUSPICIOUS_MOVE = YES;
				CLANG_WARN_UNGUARDED_AVAILABILITY = YES_AGGRESSIVE;
				CLANG_WARN_UNREACHABLE_CODE = YES;
				CLANG_WARN__DUPLICATE_METHOD_MATCH = YES;
				COPY_PHASE_STRIP = NO;
				DEBUG_INFORMATION_FORMAT = dwarf;
				ENABLE_STRICT_OBJC_MSGSEND = YES;
				ENABLE_TESTABILITY = YES;
				GCC_C_LANGUAGE_STANDARD = gnu11;
				GCC_DYNAMIC_NO_PIC = NO;
				GCC_NO_COMMON_BLOCKS = YES;
				GCC_OPTIMIZATION_LEVEL = 0;
				GCC_PREPROCESSOR_DEFINITIONS = (
					"DEBUG=1",
					"$(inherited)",
				);
				GCC_WARN_64_TO_32_BIT_CONVERSION = YES;
				GCC_WARN_ABOUT_RETURN_TYPE = YES_ERROR;
				GCC_WARN_UNDECLARED_SELECTOR = YES;
				GCC_WARN_UNINITIALIZED_AUTOS = YES_AGGRESSIVE;
				GCC_WARN_UNUSED_FUNCTION = YES;
				GCC_WARN_UNUSED_VARIABLE = YES;
				IPHONEOS_DEPLOYMENT_TARGET = 16.2;
				MTL_ENABLE_DEBUG_INFO = INCLUDE_SOURCE;
				MTL_FAST_MATH = YES;
				ONLY_ACTIVE_ARCH = YES;
				SDKROOT = iphoneos;
				SWIFT_ACTIVE_COMPILATION_CONDITIONS = DEBUG;
				SWIFT_OPTIMIZATION_LEVEL = "-Onone";
			};
			name = Debug;
		};
		D4AA0E2F29F92AC900F7206B /* Release */ = {
			isa = XCBuildConfiguration;
			buildSettings = {
				ALWAYS_SEARCH_USER_PATHS = NO;
				CLANG_ANALYZER_NONNULL = YES;
				CLANG_ANALYZER_NUMBER_OBJECT_CONVERSION = YES_AGGRESSIVE;
				CLANG_CXX_LANGUAGE_STANDARD = "gnu++20";
				CLANG_ENABLE_MODULES = YES;
				CLANG_ENABLE_OBJC_ARC = YES;
				CLANG_ENABLE_OBJC_WEAK = YES;
				CLANG_WARN_BLOCK_CAPTURE_AUTORELEASING = YES;
				CLANG_WARN_BOOL_CONVERSION = YES;
				CLANG_WARN_COMMA = YES;
				CLANG_WARN_CONSTANT_CONVERSION = YES;
				CLANG_WARN_DEPRECATED_OBJC_IMPLEMENTATIONS = YES;
				CLANG_WARN_DIRECT_OBJC_ISA_USAGE = YES_ERROR;
				CLANG_WARN_DOCUMENTATION_COMMENTS = YES;
				CLANG_WARN_EMPTY_BODY = YES;
				CLANG_WARN_ENUM_CONVERSION = YES;
				CLANG_WARN_INFINITE_RECURSION = YES;
				CLANG_WARN_INT_CONVERSION = YES;
				CLANG_WARN_NON_LITERAL_NULL_CONVERSION = YES;
				CLANG_WARN_OBJC_IMPLICIT_RETAIN_SELF = YES;
				CLANG_WARN_OBJC_LITERAL_CONVERSION = YES;
				CLANG_WARN_OBJC_ROOT_CLASS = YES_ERROR;
				CLANG_WARN_QUOTED_INCLUDE_IN_FRAMEWORK_HEADER = YES;
				CLANG_WARN_RANGE_LOOP_ANALYSIS = YES;
				CLANG_WARN_STRICT_PROTOTYPES = YES;
				CLANG_WARN_SUSPICIOUS_MOVE = YES;
				CLANG_WARN_UNGUARDED_AVAILABILITY = YES_AGGRESSIVE;
				CLANG_WARN_UNREACHABLE_CODE = YES;
				CLANG_WARN__DUPLICATE_METHOD_MATCH = YES;
				COPY_PHASE_STRIP = NO;
				DEBUG_INFORMATION_FORMAT = "dwarf-with-dsym";
				ENABLE_NS_ASSERTIONS = NO;
				ENABLE_STRICT_OBJC_MSGSEND = YES;
				GCC_C_LANGUAGE_STANDARD = gnu11;
				GCC_NO_COMMON_BLOCKS = YES;
				GCC_WARN_64_TO_32_BIT_CONVERSION = YES;
				GCC_WARN_ABOUT_RETURN_TYPE = YES_ERROR;
				GCC_WARN_UNDECLARED_SELECTOR = YES;
				GCC_WARN_UNINITIALIZED_AUTOS = YES_AGGRESSIVE;
				GCC_WARN_UNUSED_FUNCTION = YES;
				GCC_WARN_UNUSED_VARIABLE = YES;
				IPHONEOS_DEPLOYMENT_TARGET = 16.2;
				MTL_ENABLE_DEBUG_INFO = NO;
				MTL_FAST_MATH = YES;
				SDKROOT = iphoneos;
				SWIFT_COMPILATION_MODE = wholemodule;
				SWIFT_OPTIMIZATION_LEVEL = "-O";
				VALIDATE_PRODUCT = YES;
			};
			name = Release;
		};
		D4AA0E3129F92AC900F7206B /* Debug */ = {
			isa = XCBuildConfiguration;
			baseConfigurationReference = 144D88EE38F80778EBBD72B3 /* Pods-CodingChallenge.debug.xcconfig */;
			buildSettings = {
				ASSETCATALOG_COMPILER_APPICON_NAME = AppIcon;
				ASSETCATALOG_COMPILER_GLOBAL_ACCENT_COLOR_NAME = AccentColor;
				CODE_SIGN_STYLE = Automatic;
				CURRENT_PROJECT_VERSION = 1;
				GENERATE_INFOPLIST_FILE = YES;
				INFOPLIST_FILE = CodingChallenge/Info.plist;
				INFOPLIST_KEY_UIApplicationSupportsIndirectInputEvents = YES;
				INFOPLIST_KEY_UILaunchStoryboardName = LaunchScreen;
				INFOPLIST_KEY_UIMainStoryboardFile = Main;
				INFOPLIST_KEY_UISupportedInterfaceOrientations_iPad = "UIInterfaceOrientationPortrait UIInterfaceOrientationPortraitUpsideDown UIInterfaceOrientationLandscapeLeft UIInterfaceOrientationLandscapeRight";
				INFOPLIST_KEY_UISupportedInterfaceOrientations_iPhone = "UIInterfaceOrientationPortrait UIInterfaceOrientationLandscapeLeft UIInterfaceOrientationLandscapeRight";
				IPHONEOS_DEPLOYMENT_TARGET = 15.6;
				LD_RUNPATH_SEARCH_PATHS = (
					"$(inherited)",
					"@executable_path/Frameworks",
				);
				MARKETING_VERSION = 1.0;
				PRODUCT_BUNDLE_IDENTIFIER = abc.CodingChallenge;
				PRODUCT_NAME = "$(TARGET_NAME)";
				SWIFT_EMIT_LOC_STRINGS = YES;
				SWIFT_VERSION = 5.0;
				TARGETED_DEVICE_FAMILY = "1,2";
			};
			name = Debug;
		};
		D4AA0E3229F92AC900F7206B /* Release */ = {
			isa = XCBuildConfiguration;
			baseConfigurationReference = D49EB70CE5494A6D832622CD /* Pods-CodingChallenge.release.xcconfig */;
			buildSettings = {
				ASSETCATALOG_COMPILER_APPICON_NAME = AppIcon;
				ASSETCATALOG_COMPILER_GLOBAL_ACCENT_COLOR_NAME = AccentColor;
				CODE_SIGN_STYLE = Automatic;
				CURRENT_PROJECT_VERSION = 1;
				GENERATE_INFOPLIST_FILE = YES;
				INFOPLIST_FILE = CodingChallenge/Info.plist;
				INFOPLIST_KEY_UIApplicationSupportsIndirectInputEvents = YES;
				INFOPLIST_KEY_UILaunchStoryboardName = LaunchScreen;
				INFOPLIST_KEY_UIMainStoryboardFile = Main;
				INFOPLIST_KEY_UISupportedInterfaceOrientations_iPad = "UIInterfaceOrientationPortrait UIInterfaceOrientationPortraitUpsideDown UIInterfaceOrientationLandscapeLeft UIInterfaceOrientationLandscapeRight";
				INFOPLIST_KEY_UISupportedInterfaceOrientations_iPhone = "UIInterfaceOrientationPortrait UIInterfaceOrientationLandscapeLeft UIInterfaceOrientationLandscapeRight";
				IPHONEOS_DEPLOYMENT_TARGET = 15.6;
				LD_RUNPATH_SEARCH_PATHS = (
					"$(inherited)",
					"@executable_path/Frameworks",
				);
				MARKETING_VERSION = 1.0;
				PRODUCT_BUNDLE_IDENTIFIER = abc.CodingChallenge;
				PRODUCT_NAME = "$(TARGET_NAME)";
				SWIFT_EMIT_LOC_STRINGS = YES;
				SWIFT_VERSION = 5.0;
				TARGETED_DEVICE_FAMILY = "1,2";
			};
			name = Release;
		};
		D4AA0E3429F92AC900F7206B /* Debug */ = {
			isa = XCBuildConfiguration;
			baseConfigurationReference = D0263C761FAF547988FBAC92 /* Pods-CodingChallengeTests.debug.xcconfig */;
			buildSettings = {
				ALWAYS_EMBED_SWIFT_STANDARD_LIBRARIES = YES;
				BUNDLE_LOADER = "$(TEST_HOST)";
				CODE_SIGN_STYLE = Automatic;
				CURRENT_PROJECT_VERSION = 1;
				GENERATE_INFOPLIST_FILE = YES;
				IPHONEOS_DEPLOYMENT_TARGET = 16.2;
				MARKETING_VERSION = 1.0;
				PRODUCT_BUNDLE_IDENTIFIER = abc.CodingChallengeTests;
				PRODUCT_NAME = "$(TARGET_NAME)";
				SWIFT_EMIT_LOC_STRINGS = NO;
				SWIFT_VERSION = 5.0;
				TARGETED_DEVICE_FAMILY = "1,2";
				TEST_HOST = "$(BUILT_PRODUCTS_DIR)/CodingChallenge.app/$(BUNDLE_EXECUTABLE_FOLDER_PATH)/CodingChallenge";
			};
			name = Debug;
		};
		D4AA0E3529F92AC900F7206B /* Release */ = {
			isa = XCBuildConfiguration;
			baseConfigurationReference = A453249E32C6102F337FCDD1 /* Pods-CodingChallengeTests.release.xcconfig */;
			buildSettings = {
				ALWAYS_EMBED_SWIFT_STANDARD_LIBRARIES = YES;
				BUNDLE_LOADER = "$(TEST_HOST)";
				CODE_SIGN_STYLE = Automatic;
				CURRENT_PROJECT_VERSION = 1;
				GENERATE_INFOPLIST_FILE = YES;
				IPHONEOS_DEPLOYMENT_TARGET = 16.2;
				MARKETING_VERSION = 1.0;
				PRODUCT_BUNDLE_IDENTIFIER = abc.CodingChallengeTests;
				PRODUCT_NAME = "$(TARGET_NAME)";
				SWIFT_EMIT_LOC_STRINGS = NO;
				SWIFT_VERSION = 5.0;
				TARGETED_DEVICE_FAMILY = "1,2";
				TEST_HOST = "$(BUILT_PRODUCTS_DIR)/CodingChallenge.app/$(BUNDLE_EXECUTABLE_FOLDER_PATH)/CodingChallenge";
			};
			name = Release;
		};
		D4AA0E3729F92AC900F7206B /* Debug */ = {
			isa = XCBuildConfiguration;
			baseConfigurationReference = 2D2D1017CE95CA7E8C67709C /* Pods-CodingChallenge-CodingChallengeUITests.debug.xcconfig */;
			buildSettings = {
				ALWAYS_EMBED_SWIFT_STANDARD_LIBRARIES = YES;
				CODE_SIGN_STYLE = Automatic;
				CURRENT_PROJECT_VERSION = 1;
				GENERATE_INFOPLIST_FILE = YES;
				MARKETING_VERSION = 1.0;
				PRODUCT_BUNDLE_IDENTIFIER = abc.CodingChallengeUITests;
				PRODUCT_NAME = "$(TARGET_NAME)";
				SWIFT_EMIT_LOC_STRINGS = NO;
				SWIFT_VERSION = 5.0;
				TARGETED_DEVICE_FAMILY = "1,2";
				TEST_TARGET_NAME = CodingChallenge;
			};
			name = Debug;
		};
		D4AA0E3829F92AC900F7206B /* Release */ = {
			isa = XCBuildConfiguration;
			baseConfigurationReference = 4E3FCE0A42844B8C15CFDC38 /* Pods-CodingChallenge-CodingChallengeUITests.release.xcconfig */;
			buildSettings = {
				ALWAYS_EMBED_SWIFT_STANDARD_LIBRARIES = YES;
				CODE_SIGN_STYLE = Automatic;
				CURRENT_PROJECT_VERSION = 1;
				GENERATE_INFOPLIST_FILE = YES;
				MARKETING_VERSION = 1.0;
				PRODUCT_BUNDLE_IDENTIFIER = abc.CodingChallengeUITests;
				PRODUCT_NAME = "$(TARGET_NAME)";
				SWIFT_EMIT_LOC_STRINGS = NO;
				SWIFT_VERSION = 5.0;
				TARGETED_DEVICE_FAMILY = "1,2";
				TEST_TARGET_NAME = CodingChallenge;
			};
			name = Release;
		};
/* End XCBuildConfiguration section */

/* Begin XCConfigurationList section */
		D4AA0E0129F92AC800F7206B /* Build configuration list for PBXProject "CodingChallenge" */ = {
			isa = XCConfigurationList;
			buildConfigurations = (
				D4AA0E2E29F92AC900F7206B /* Debug */,
				D4AA0E2F29F92AC900F7206B /* Release */,
			);
			defaultConfigurationIsVisible = 0;
			defaultConfigurationName = Release;
		};
		D4AA0E3029F92AC900F7206B /* Build configuration list for PBXNativeTarget "CodingChallenge" */ = {
			isa = XCConfigurationList;
			buildConfigurations = (
				D4AA0E3129F92AC900F7206B /* Debug */,
				D4AA0E3229F92AC900F7206B /* Release */,
			);
			defaultConfigurationIsVisible = 0;
			defaultConfigurationName = Release;
		};
		D4AA0E3329F92AC900F7206B /* Build configuration list for PBXNativeTarget "CodingChallengeTests" */ = {
			isa = XCConfigurationList;
			buildConfigurations = (
				D4AA0E3429F92AC900F7206B /* Debug */,
				D4AA0E3529F92AC900F7206B /* Release */,
			);
			defaultConfigurationIsVisible = 0;
			defaultConfigurationName = Release;
		};
		D4AA0E3629F92AC900F7206B /* Build configuration list for PBXNativeTarget "CodingChallengeUITests" */ = {
			isa = XCConfigurationList;
			buildConfigurations = (
				D4AA0E3729F92AC900F7206B /* Debug */,
				D4AA0E3829F92AC900F7206B /* Release */,
			);
			defaultConfigurationIsVisible = 0;
			defaultConfigurationName = Release;
		};
/* End XCConfigurationList section */
	};
	rootObject = D4AA0DFE29F92AC800F7206B /* Project object */;
}
